
Microsoft Visual Studio Solution File, Format Version 12.00
# Visual Studio Version 17
VisualStudioVersion = 17.2.32317.152
MinimumVisualStudioVersion = 10.0.40219.1
Project("{FAE04EC0-301F-11D3-BF4B-00C04F79EFBC}") = "WAW", "WAW\WAW.csproj", "{A4060FD3-7B33-4E8C-A4F6-0F64BC92F434}"
EndProject
Global
	GlobalSection(SolutionConfigurationPlatforms) = preSolution
		Debug|Any CPU = Debug|Any CPU
		Release|Any CPU = Release|Any CPU
	EndGlobalSection
	GlobalSection(ProjectConfigurationPlatforms) = postSolution
		{A4060FD3-7B33-4E8C-A4F6-0F64BC92F434}.Debug|Any CPU.ActiveCfg = Debug|Any CPU
		{A4060FD3-7B33-4E8C-A4F6-0F64BC92F434}.Debug|Any CPU.Build.0 = Debug|Any CPU
		{A4060FD3-7B33-4E8C-A4F6-0F64BC92F434}.Release|Any CPU.ActiveCfg = Release|Any CPU
		{A4060FD3-7B33-4E8C-A4F6-0F64BC92F434}.Release|Any CPU.Build.0 = Release|Any CPU
	EndGlobalSection
	GlobalSection(SolutionProperties) = preSolution
		HideSolutionNode = FALSE
	EndGlobalSection
	GlobalSection(ExtensibilityGlobals) = postSolution
		SolutionGuid = {78FC7D77-A35D-493B-B4F9-25D684A8AEF1}
	EndGlobalSection
EndGlobal
